
Microsoft Visual Studio Solution File, Format Version 12.00
# Visual Studio Version 16
VisualStudioVersion = 16.0.31005.135
MinimumVisualStudioVersion = 10.0.40219.1
Project("{FAE04EC0-301F-11D3-BF4B-00C04F79EFBC}") = "WebNoteForUser", "WebNoteForUser\WebNoteForUser.csproj", "{0C6D5EA0-D02C-4FF2-B84E-614C01A521B3}"
EndProject
Global
	GlobalSection(SolutionConfigurationPlatforms) = preSolution
		Debug|Any CPU = Debug|Any CPU
		Release|Any CPU = Release|Any CPU
	EndGlobalSection
	GlobalSection(ProjectConfigurationPlatforms) = postSolution
		{0C6D5EA0-D02C-4FF2-B84E-614C01A521B3}.Debug|Any CPU.ActiveCfg = Debug|Any CPU
		{0C6D5EA0-D02C-4FF2-B84E-614C01A521B3}.Debug|Any CPU.Build.0 = Debug|Any CPU
		{0C6D5EA0-D02C-4FF2-B84E-614C01A521B3}.Release|Any CPU.ActiveCfg = Release|Any CPU
		{0C6D5EA0-D02C-4FF2-B84E-614C01A521B3}.Release|Any CPU.Build.0 = Release|Any CPU
	EndGlobalSection
	GlobalSection(SolutionProperties) = preSolution
		HideSolutionNode = FALSE
	EndGlobalSection
	GlobalSection(ExtensibilityGlobals) = postSolution
		SolutionGuid = {8E99F2B1-6923-4B54-827B-3E199BA1B65C}
	EndGlobalSection
EndGlobal
